code.rocket9labs.com/tslocum/bgammon v0.0.0-20231020215337-c4aa14d514fb h1:vw+4pXdMl2adEW65pJYf0cMO+VFPkoKe2LPku33eaa4=
code.rocket9labs.com/tslocum/bgammon v0.0.0-20231020215337-c4aa14d514fb/go.mod h1:LS/m5Zq7/93dP8XJrLkL1T5ZTwtddkN8X9TyRrrdCkQ=
code.rocket9labs.com/tslocum/etk v0.0.0-20231021231204-5c6a4b870885 h1:KiyE1E5er4D3lnuFnJsetnGkkec4UbSiFZd48XlIwT8=
code.rocket9labs.com/tslocum/etk v0.0.0-20231021231204-5c6a4b870885/go.mod h1:JgdDn5bbIGwLYkngQK5CrRd7XfJe3h+K+YfAxvXW2mg=
code.rocketnine.space/tslocum/kibodo v1.0.0 h1:/xs59UCuo+NGs89ABilARlowQnmIsjbNVjss57W5O7k=
code.rocketnine.space/tslocum/kibodo v1.0.0/go.mod h1:xYmBfho98sIbB+Gtf8SU5GDQD9HOSqOtZ64eZnlHmRI=
code.rocketnine.space/tslocum/messeji v1.0.4-0.20231021230727-3fa5b72a505d h1:YawBCDIsfoAE7JGhHiUC4FVw99W9I3/AnubzfOG5nAQ=
code.rocketnine.space/tslocum/messeji v1.0.4-0.20231021230727-3fa5b72a505d/go.mod h1:xszLyTZtpyjCVaGmznizLSAlnvraPOSoanlzUBeqGco=
github.com/ebitengine/purego v0.5.0 h1:JrMGKfRIAM4/QVKaesIIT7m/UVjTj5GYhRSQYwfVdpo=
github.com/ebitengine/purego v0.5.0/go.mod h1:ah1In8AOtksoNK6yk5z1HTJeUkC1Ez4Wk2idgGslMwQ=
github.com/golang/freetype v0.0.0-20170609003504-e2365dfdc4a0 h1:DACJavvAHhabrF08vX0COfcOBJRhZ8lUbR+ZWIs0Y5g=
github.com/golang/freetype v0.0.0-20170609003504-e2365dfdc4a0/go.mod h1:E/TSTwGwJL78qG/PmXZO1EjYhfJinVAhrmmHX6Z8B9k=
github.com/hajimehoshi/bitmapfont/v3 v3.0.0 h1:r2+6gYK38nfztS/et50gHAswb9hXgxXECYgE8Nczmi4=
github.com/hajimehoshi/ebiten/v2 v2.6.2 h1:tVa3ZJbp4Uz/VSjmpgtQIOvwd7aQH290XehHBLr2iWk=
github.com/hajimehoshi/ebiten/v2 v2.6.2/go.mod h1:TZtorL713an00UW4LyvMeKD8uXWnuIuCPtlH11b0pgI=
github.com/jezek/xgb v1.1.0 h1:wnpxJzP1+rkbGclEkmwpVFQWpuE2PUGNUzP8SbfFobk=
github.com/jezek/xgb v1.1.0/go.mod h1:nrhwO0FX/enq75I7Y7G8iN1ubpSGZEiA3v9e9GyRFlk=
github.com/llgcode/draw2d v0.0.0-20230723155556-e595d7c7e75e h1:hqFckor7F0B63l6cV/PoAsuQUOmDji/1oVF0+24EMUI=
github.com/llgcode/draw2d v0.0.0-20230723155556-e595d7c7e75e/go.mod h1:zNlGqkQNLxAN7D2uihSJsrEzrkWrSIK5kmSZU/dN5NY=
github.com/llgcode/ps v0.0.0-20150911083025-f1443b32eedb h1:61ndUreYSlWFeCY44JxDDkngVoI7/1MVhEl98Nm0KOk=
github.com/nfnt/resize v0.0.0-20180221191011-83c6a9932646 h1:zYyBkD/k9seD2A7fsi6Oo2LfFZAehjjQMERAvZLEDnQ=
github.com/nfnt/resize v0.0.0-20180221191011-83c6a9932646/go.mod h1:jpp1/29i3P1S/RLdc7JQKbRpFeM1dOBd8T9ki5s+AY8=
golang.org/x/exp/shiny v0.0.0-20231006140011-7918f672742d h1:grE48C8cjIY0aiHVmFyYgYxxSARQWBABLXKZfQPrBhY=
golang.org/x/exp/shiny v0.0.0-20231006140011-7918f672742d/go.mod h1:UH99kUObWAZkDnWqppdQe5ZhPYESUw8I0zVV1uWBR+0=
golang.org/x/image v0.13.0 h1:3cge/F/QTkNLauhf2QoE9zp+7sr+ZcL4HnoZmdwg9sg=
golang.org/x/image v0.13.0/go.mod h1:6mmbMOeV28HuMTgA6OSRkdXKYw/t5W9Uwn2Yv1r3Yxk=
golang.org/x/mobile v0.0.0-20231006135142-2b44d11868fe h1:lrXv4yHeD9FA8PSJATWowP1QvexpyAPWmPia+Kbzql8=
golang.org/x/mobile v0.0.0-20231006135142-2b44d11868fe/go.mod h1:BrnXpEObnFxpaT75Jo9hsCazwOWcp7nVIa8NNuH5cuA=
golang.org/x/sync v0.4.0 h1:zxkM55ReGkDlKSM+Fu41A+zmbZuaPVbGMzvvdUPznYQ=
golang.org/x/sync v0.4.0/go.mod h1:FU7BRWz2tNW+3quACPkgCx/L+uEAv1htQ0V83Z9Rj+Y=
golang.org/x/sys v0.13.0 h1:Af8nKPmuFypiUBjVoU9V20FiaFXOcuZI21p0ycVYYGE=
golang.org/x/sys v0.13.0/go.mod h1:oPkhp1MJrh7nUepCBck5+mAzfO9JrbApNNgaTdGDITg=
golang.org/x/text v0.13.0 h1:ablQoSUd0tRdKxZewP80B+BaqeKJuVhuRxj/dkrun3k=
golang.org/x/text v0.13.0/go.mod h1:TvPlkZtksWOMsz7fbANvkp4WM8x/WCo/om8BMLbz+aE=
nhooyr.io/websocket v1.8.9 h1:+U/9DCNIH1XnzrWKs7yZp4jO0e/m6mUEh2kRPKRQYeg=
nhooyr.io/websocket v1.8.9/go.mod h1:rN9OFWIUwuxg4fR5tELlYC04bXYowCP9GX47ivo2l+c=
